
Microsoft Visual Studio Solution File, Format Version 12.00
# Visual Studio Version 16
VisualStudioVersion = 16.0.31321.278
MinimumVisualStudioVersion = 10.0.40219.1
Project("{FAE04EC0-301F-11D3-BF4B-00C04F79EFBC}") = "EFormAsIs", "EFormAsIs\EFormAsIs.csproj", "{B6603807-7BDF-4F5C-AC7C-1AF7A384868C}"
EndProject
Global
	GlobalSection(SolutionConfigurationPlatforms) = preSolution
		Debug|Any CPU = Debug|Any CPU
		Release|Any CPU = Release|Any CPU
	EndGlobalSection
	GlobalSection(ProjectConfigurationPlatforms) = postSolution
		{B6603807-7BDF-4F5C-AC7C-1AF7A384868C}.Debug|Any CPU.ActiveCfg = Debug|Any CPU
		{B6603807-7BDF-4F5C-AC7C-1AF7A384868C}.Debug|Any CPU.Build.0 = Debug|Any CPU
		{B6603807-7BDF-4F5C-AC7C-1AF7A384868C}.Release|Any CPU.ActiveCfg = Release|Any CPU
		{B6603807-7BDF-4F5C-AC7C-1AF7A384868C}.Release|Any CPU.Build.0 = Release|Any CPU
	EndGlobalSection
	GlobalSection(SolutionProperties) = preSolution
		HideSolutionNode = FALSE
	EndGlobalSection
	GlobalSection(ExtensibilityGlobals) = postSolution
		SolutionGuid = {2580049E-A3BB-4E30-B9CD-A7039E75BF65}
	EndGlobalSection
EndGlobal
